
Microsoft Visual Studio Solution File, Format Version 12.00
# Visual Studio 15
Project("{FAE04EC0-301F-11D3-BF4B-00C04F79EFBC}") = "UnityEngine.UI", "UnityEngine.UI.csproj", "{6348112C-3FE6-B1AE-2314-C76A4FF89C25}"
EndProject
Project("{FAE04EC0-301F-11D3-BF4B-00C04F79EFBC}") = "UnityEngine.TestRunner", "UnityEngine.TestRunner.csproj", "{5D11634D-F181-389E-3A29-D91BD334D5F6}"
EndProject
Project("{FAE04EC0-301F-11D3-BF4B-00C04F79EFBC}") = "UnityEngine.Purchasing.Stores", "UnityEngine.Purchasing.Stores.csproj", "{D3484FA0-0032-6B54-16C0-CC825B9CD47F}"
EndProject
Project("{FAE04EC0-301F-11D3-BF4B-00C04F79EFBC}") = "Unity.VisualScripting.Flow", "Unity.VisualScripting.Flow.csproj", "{98D6889F-3C6E-13EC-7844-CCB289E0FB25}"
EndProject
Project("{FAE04EC0-301F-11D3-BF4B-00C04F79EFBC}") = "Unity.Mathematics", "Unity.Mathematics.csproj", "{7F59A4EC-0298-07C3-7581-06389B015964}"
EndProject
Project("{FAE04EC0-301F-11D3-BF4B-00C04F79EFBC}") = "Unity.VisualScripting.State", "Unity.VisualScripting.State.csproj", "{12C90177-664B-12A0-0C88-70188337F341}"
EndProject
Project("{FAE04EC0-301F-11D3-BF4B-00C04F79EFBC}") = "Unity.VisualScripting.Core", "Unity.VisualScripting.Core.csproj", "{962617C5-8680-B3A0-0962-F949E6D67C99}"
EndProject
Project("{FAE04EC0-301F-11D3-BF4B-00C04F79EFBC}") = "UnityEngine.Purchasing.WinRTCore", "UnityEngine.Purchasing.WinRTCore.csproj", "{5AA5A15E-C546-0D3F-DAD5-C5F39F77DD0D}"
EndProject
Project("{FAE04EC0-301F-11D3-BF4B-00C04F79EFBC}") = "UnityEngine.Purchasing.AppleCore", "UnityEngine.Purchasing.AppleCore.csproj", "{D1849E7E-2562-7BE1-E78F-688E72B4A3C8}"
EndProject
Project("{FAE04EC0-301F-11D3-BF4B-00C04F79EFBC}") = "Unity.Services.Core.Environments.Internal", "Unity.Services.Core.Environments.Internal.csproj", "{1E511E65-5A14-8C07-0C71-76F10CC0E65F}"
EndProject
Project("{FAE04EC0-301F-11D3-BF4B-00C04F79EFBC}") = "Assembly-CSharp", "Assembly-CSharp.csproj", "{0CEB3174-EE64-D7BF-7342-5C96C367C331}"
EndProject
Project("{FAE04EC0-301F-11D3-BF4B-00C04F79EFBC}") = "Unity.Burst", "Unity.Burst.csproj", "{6E4AA62B-1EA8-C922-D40A-9D6CB84323D9}"
EndProject
Project("{FAE04EC0-301F-11D3-BF4B-00C04F79EFBC}") = "Unity.2D.Animation.Runtime", "Unity.2D.Animation.Runtime.csproj", "{035031FC-635A-9519-2F92-3CBB41403B0E}"
EndProject
Project("{FAE04EC0-301F-11D3-BF4B-00C04F79EFBC}") = "Unity.TextMeshPro", "Unity.TextMeshPro.csproj", "{0889707E-E515-3E83-C6CF-B777FAA942C9}"
EndProject
Project("{FAE04EC0-301F-11D3-BF4B-00C04F79EFBC}") = "UnityEngine.Advertisements", "UnityEngine.Advertisements.csproj", "{C6879A9A-3DBB-1913-F17A-9C74249A9FB3}"
EndProject
Project("{FAE04EC0-301F-11D3-BF4B-00C04F79EFBC}") = "Unity.Timeline", "Unity.Timeline.csproj", "{DA5597B5-0E28-CC81-E227-F24022914A39}"
EndProject
Project("{FAE04EC0-301F-11D3-BF4B-00C04F79EFBC}") = "Unity.Services.Core", "Unity.Services.Core.csproj", "{B50254D4-1EAB-D161-0B7E-92F53C992D56}"
EndProject
Project("{FAE04EC0-301F-11D3-BF4B-00C04F79EFBC}") = "UnityEngine.Purchasing", "UnityEngine.Purchasing.csproj", "{30B85526-31A5-D303-1E6A-1C537E0BD93C}"
EndProject
Project("{FAE04EC0-301F-11D3-BF4B-00C04F79EFBC}") = "Unity.Services.Core.Environments", "Unity.Services.Core.Environments.csproj", "{88B7EB83-3D36-5393-94CD-D38BC9E14B76}"
EndProject
Project("{FAE04EC0-301F-11D3-BF4B-00C04F79EFBC}") = "Unity.Services.Core.Internal", "Unity.Services.Core.Internal.csproj", "{8E44CEF7-17E4-A2D6-6B50-E185D65C2117}"
EndProject
Project("{FAE04EC0-301F-11D3-BF4B-00C04F79EFBC}") = "Unity.Services.Core.Analytics", "Unity.Services.Core.Analytics.csproj", "{8CD4CD0C-A626-20E9-6789-B6DCB1AB0A73}"
EndProject
Project("{FAE04EC0-301F-11D3-BF4B-00C04F79EFBC}") = "UnityEngine.Purchasing.SecurityStub", "UnityEngine.Purchasing.SecurityStub.csproj", "{3112676D-3620-F301-D4EB-A8A05AC71149}"
EndProject
Project("{FAE04EC0-301F-11D3-BF4B-00C04F79EFBC}") = "Unity.2D.SpriteShape.Runtime", "Unity.2D.SpriteShape.Runtime.csproj", "{B736AD27-FCC7-17A7-C7E5-115CB75E4B4D}"
EndProject
Project("{FAE04EC0-301F-11D3-BF4B-00C04F79EFBC}") = "Unity.Services.Core.Telemetry", "Unity.Services.Core.Telemetry.csproj", "{AA63C30E-AF33-9B64-4EDB-EAA821951B8D}"
EndProject
Project("{FAE04EC0-301F-11D3-BF4B-00C04F79EFBC}") = "Unity.Services.Core.Scheduler", "Unity.Services.Core.Scheduler.csproj", "{A13856CA-66AD-B455-0CE7-6180A78A99F8}"
EndProject
Project("{FAE04EC0-301F-11D3-BF4B-00C04F79EFBC}") = "Purchasing.Common", "Purchasing.Common.csproj", "{D49B19EE-C30C-0FC8-F712-F645686AE651}"
EndProject
Project("{FAE04EC0-301F-11D3-BF4B-00C04F79EFBC}") = "Unity.Services.Core.Registration", "Unity.Services.Core.Registration.csproj", "{37E5F1CF-7B21-3853-9066-3B217AA80854}"
EndProject
Project("{FAE04EC0-301F-11D3-BF4B-00C04F79EFBC}") = "Unity.2D.PixelPerfect", "Unity.2D.PixelPerfect.csproj", "{12DE0687-1C8E-A89D-E186-143930204A2E}"
EndProject
Project("{FAE04EC0-301F-11D3-BF4B-00C04F79EFBC}") = "Unity.2D.Common.Runtime", "Unity.2D.Common.Runtime.csproj", "{AE4CF97A-1C72-D20C-FB4D-D3FE8897AFFF}"
EndProject
Project("{FAE04EC0-301F-11D3-BF4B-00C04F79EFBC}") = "Unity.2D.IK.Runtime", "Unity.2D.IK.Runtime.csproj", "{5BBC9C15-1E96-111C-1043-E50AE929797A}"
EndProject
Project("{FAE04EC0-301F-11D3-BF4B-00C04F79EFBC}") = "Unity.Services.Core.Device", "Unity.Services.Core.Device.csproj", "{3DE99F4F-571F-4BF0-527B-E8BDBCCB2C2F}"
EndProject
Project("{FAE04EC0-301F-11D3-BF4B-00C04F79EFBC}") = "UnityEngine.Purchasing.SecurityCore", "UnityEngine.Purchasing.SecurityCore.csproj", "{C85A8D1B-90F7-E1F9-532C-AB6323B0E3F8}"
EndProject
Project("{FAE04EC0-301F-11D3-BF4B-00C04F79EFBC}") = "UnityEngine.Purchasing.WinRTStub", "UnityEngine.Purchasing.WinRTStub.csproj", "{6F9C8815-68BE-1633-97A3-A61DB56C970E}"
EndProject
Project("{FAE04EC0-301F-11D3-BF4B-00C04F79EFBC}") = "Assembly-CSharp-firstpass", "Assembly-CSharp-firstpass.csproj", "{7A5293F6-B791-DA4B-85DE-6A04A1948A9D}"
EndProject
Project("{FAE04EC0-301F-11D3-BF4B-00C04F79EFBC}") = "Unity.Services.Core.Threading", "Unity.Services.Core.Threading.csproj", "{E457B410-ACF5-C3D5-65B2-DA7AE56C93F8}"
EndProject
Project("{FAE04EC0-301F-11D3-BF4B-00C04F79EFBC}") = "Unity.2D.Tilemap.Extras", "Unity.2D.Tilemap.Extras.csproj", "{5E074CA3-D699-0801-8E2A-F812CCAA3C36}"
EndProject
Project("{FAE04EC0-301F-11D3-BF4B-00C04F79EFBC}") = "Unity.Services.Core.Networking", "Unity.Services.Core.Networking.csproj", "{D0CB347D-3921-C145-1D2C-860B95E576E4}"
EndProject
Project("{FAE04EC0-301F-11D3-BF4B-00C04F79EFBC}") = "UnityEngine.Purchasing.AppleMacosStub", "UnityEngine.Purchasing.AppleMacosStub.csproj", "{510D49E7-4B27-5158-743E-96FED698E074}"
EndProject
Project("{FAE04EC0-301F-11D3-BF4B-00C04F79EFBC}") = "UnityEngine.Purchasing.Codeless", "UnityEngine.Purchasing.Codeless.csproj", "{44465DDA-7D09-7892-EBCD-E52FDE2EF1C9}"
EndProject
Project("{FAE04EC0-301F-11D3-BF4B-00C04F79EFBC}") = "Unity.InternalAPIEngineBridge.001", "Unity.InternalAPIEngineBridge.001.csproj", "{12D6E842-3A60-DBD2-B995-D232E6628F5B}"
EndProject
Project("{FAE04EC0-301F-11D3-BF4B-00C04F79EFBC}") = "Unity.Services.Core.Configuration", "Unity.Services.Core.Configuration.csproj", "{FBFC4DA0-D85B-0836-22C3-16518297F22E}"
EndProject
Project("{FAE04EC0-301F-11D3-BF4B-00C04F79EFBC}") = "UnityEngine.Purchasing.AppleStub", "UnityEngine.Purchasing.AppleStub.csproj", "{5FCFF428-B588-2AEB-4B6B-9E32827B8CBF}"
EndProject
Project("{FAE04EC0-301F-11D3-BF4B-00C04F79EFBC}") = "Unity.PlasticSCM.Editor", "Unity.PlasticSCM.Editor.csproj", "{3E1DB1EC-0302-ED1C-B5F5-DF0953BD4BFC}"
EndProject
Project("{FAE04EC0-301F-11D3-BF4B-00C04F79EFBC}") = "Unity.VisualScripting.Core.Editor", "Unity.VisualScripting.Core.Editor.csproj", "{9313593C-9AF8-A90C-EFD1-D2DE70333D1E}"
EndProject
Project("{FAE04EC0-301F-11D3-BF4B-00C04F79EFBC}") = "Unity.VisualScripting.Flow.Editor", "Unity.VisualScripting.Flow.Editor.csproj", "{A1CE5A39-E593-25D2-A1AA-88349BEDBCBF}"
EndProject
Project("{FAE04EC0-301F-11D3-BF4B-00C04F79EFBC}") = "Unity.2D.Aseprite.Editor", "Unity.2D.Aseprite.Editor.csproj", "{DF9A3BC0-330C-0D91-D5AA-A8867E55D554}"
EndProject
Project("{FAE04EC0-301F-11D3-BF4B-00C04F79EFBC}") = "UnityEditor.Purchasing", "UnityEditor.Purchasing.csproj", "{E33A72FB-244F-72AE-641E-50BB5EC9C4D8}"
EndProject
Project("{FAE04EC0-301F-11D3-BF4B-00C04F79EFBC}") = "Unity.VisualStudio.Editor", "Unity.VisualStudio.Editor.csproj", "{5F760EAC-5E9C-EBAD-5581-23AEDF0CD799}"
EndProject
Project("{FAE04EC0-301F-11D3-BF4B-00C04F79EFBC}") = "Unity.Timeline.Editor", "Unity.Timeline.Editor.csproj", "{37BEDF7D-7E37-09C9-84FA-5BB767059962}"
EndProject
Project("{FAE04EC0-301F-11D3-BF4B-00C04F79EFBC}") = "Unity.Services.Core.Editor", "Unity.Services.Core.Editor.csproj", "{E493DB56-C649-0192-68CB-04DAE4617BA7}"
EndProject
Project("{FAE04EC0-301F-11D3-BF4B-00C04F79EFBC}") = "Unity.VisualScripting.State.Editor", "Unity.VisualScripting.State.Editor.csproj", "{A5559B4B-47B4-8DE2-DA46-EEF394694B22}"
EndProject
Project("{FAE04EC0-301F-11D3-BF4B-00C04F79EFBC}") = "Unity.TextMeshPro.Editor", "Unity.TextMeshPro.Editor.csproj", "{D981678F-6030-83DB-4245-4A21A82A5284}"
EndProject
Project("{FAE04EC0-301F-11D3-BF4B-00C04F79EFBC}") = "Unity.2D.PixelPerfect.Editor", "Unity.2D.PixelPerfect.Editor.csproj", "{84B3970B-249E-05F0-C381-23FD09D25597}"
EndProject
Project("{FAE04EC0-301F-11D3-BF4B-00C04F79EFBC}") = "Unity.2D.Animation.Editor", "Unity.2D.Animation.Editor.csproj", "{0D1F240B-8F2F-1292-6D09-6E4D1EF7F818}"
EndProject
Project("{FAE04EC0-301F-11D3-BF4B-00C04F79EFBC}") = "Unity.VisualScripting.SettingsProvider.Editor", "Unity.VisualScripting.SettingsProvider.Editor.csproj", "{76080CCB-53D7-6F97-6784-3CBF3E368A99}"
EndProject
Project("{FAE04EC0-301F-11D3-BF4B-00C04F79EFBC}") = "Unity.2D.Psdimporter.Editor", "Unity.2D.Psdimporter.Editor.csproj", "{4B82BD53-2C0F-0091-CA7F-6733BF27CE68}"
EndProject
Project("{FAE04EC0-301F-11D3-BF4B-00C04F79EFBC}") = "UnityEditor.TestRunner", "UnityEditor.TestRunner.csproj", "{AECF1A7C-08E7-75C3-A7FF-68384F0634F0}"
EndProject
Project("{FAE04EC0-301F-11D3-BF4B-00C04F79EFBC}") = "Unity.2D.Tilemap.Editor", "Unity.2D.Tilemap.Editor.csproj", "{FFE44B9B-BC62-8E1F-2A91-687AD79CEA86}"
EndProject
Project("{FAE04EC0-301F-11D3-BF4B-00C04F79EFBC}") = "UnityEngine.Advertisements.Editor", "UnityEngine.Advertisements.Editor.csproj", "{2B9A6185-D36B-FC88-77FB-DD2D6F8E1814}"
EndProject
Project("{FAE04EC0-301F-11D3-BF4B-00C04F79EFBC}") = "Unity.Rider.Editor", "Unity.Rider.Editor.csproj", "{D41ED9B7-8EA1-90AB-72A3-638C6CF70039}"
EndProject
Project("{FAE04EC0-301F-11D3-BF4B-00C04F79EFBC}") = "Unity.2D.Path.Editor", "Unity.2D.Path.Editor.csproj", "{EC5F1476-3D16-F5FD-0F93-97ED37694AE2}"
EndProject
Project("{FAE04EC0-301F-11D3-BF4B-00C04F79EFBC}") = "PsdPlugin", "PsdPlugin.csproj", "{510CDBC6-84F9-B980-18A2-820B6338C8C2}"
EndProject
Project("{FAE04EC0-301F-11D3-BF4B-00C04F79EFBC}") = "UnityEngine.Advertisements.DevX.Editor", "UnityEngine.Advertisements.DevX.Editor.csproj", "{E594348F-33A0-CE39-C5A2-A2D314EBD332}"
EndProject
Project("{FAE04EC0-301F-11D3-BF4B-00C04F79EFBC}") = "Unity.2D.IK.Editor", "Unity.2D.IK.Editor.csproj", "{D5571AD7-CF02-2AC3-40B6-DD0A12B8DEE9}"
EndProject
Project("{FAE04EC0-301F-11D3-BF4B-00C04F79EFBC}") = "Unity.2D.SpriteShape.Editor", "Unity.2D.SpriteShape.Editor.csproj", "{8EFA1176-583A-89E8-E5A5-55C7C5FAAC71}"
EndProject
Project("{FAE04EC0-301F-11D3-BF4B-00C04F79EFBC}") = "Unity.Burst.CodeGen", "Unity.Burst.CodeGen.csproj", "{1EBA0DD4-A6B6-4AD3-2EF8-98714DA91E32}"
EndProject
Project("{FAE04EC0-301F-11D3-BF4B-00C04F79EFBC}") = "Unity.VSCode.Editor", "Unity.VSCode.Editor.csproj", "{E1DA9F72-9E72-685B-BB68-E1E5CAABB8A3}"
EndProject
Project("{FAE04EC0-301F-11D3-BF4B-00C04F79EFBC}") = "Unity.Services.Core.Environments.Editor", "Unity.Services.Core.Environments.Editor.csproj", "{93CE59EE-CD6C-31EB-68AC-72C99EEAB4F5}"
EndProject
Project("{FAE04EC0-301F-11D3-BF4B-00C04F79EFBC}") = "Unity.2D.Sprite.Editor", "Unity.2D.Sprite.Editor.csproj", "{B2A94553-14B5-4B41-16B9-3AB4B906916B}"
EndProject
Project("{FAE04EC0-301F-11D3-BF4B-00C04F79EFBC}") = "UnityEditor.UI", "UnityEditor.UI.csproj", "{984F5BFF-F9CC-8367-1061-3E5ADB3B3150}"
EndProject
Project("{FAE04EC0-301F-11D3-BF4B-00C04F79EFBC}") = "Unity.2D.Common.Editor", "Unity.2D.Common.Editor.csproj", "{A1CAE495-6578-723C-4146-88937DB8F0C3}"
EndProject
Project("{FAE04EC0-301F-11D3-BF4B-00C04F79EFBC}") = "GoogleMobileAds.Editor", "GoogleMobileAds.Editor.csproj", "{CE028F38-F540-A735-E7DC-3D5E77E3AFEE}"
EndProject
Project("{FAE04EC0-301F-11D3-BF4B-00C04F79EFBC}") = "Unity.CollabProxy.Editor", "Unity.CollabProxy.Editor.csproj", "{E1683D03-E472-227B-40F2-052C839C19D6}"
EndProject
Project("{FAE04EC0-301F-11D3-BF4B-00C04F79EFBC}") = "Unity.Mathematics.Editor", "Unity.Mathematics.Editor.csproj", "{1ABEBCFE-5AE8-B3FE-EBB3-03AAEA6FC01B}"
EndProject
Project("{FAE04EC0-301F-11D3-BF4B-00C04F79EFBC}") = "Unity.Services.Core.Configuration.Editor", "Unity.Services.Core.Configuration.Editor.csproj", "{CC6045D4-57BA-741B-FF60-495BF328706E}"
EndProject
Project("{FAE04EC0-301F-11D3-BF4B-00C04F79EFBC}") = "Unity.InternalAPIEditorBridge.005", "Unity.InternalAPIEditorBridge.005.csproj", "{55E8C8CB-54AC-575E-C82F-CC03C6E5BB37}"
EndProject
Project("{FAE04EC0-301F-11D3-BF4B-00C04F79EFBC}") = "Unity.2D.Tilemap.Extras.Editor", "Unity.2D.Tilemap.Extras.Editor.csproj", "{9EAD88BA-7029-0BBC-75C7-777722A7CBDB}"
EndProject
Project("{FAE04EC0-301F-11D3-BF4B-00C04F79EFBC}") = "Unity.Burst.Editor", "Unity.Burst.Editor.csproj", "{357E63F7-6C92-0CFD-56B9-0B6DDDE63D1D}"
EndProject
Project("{FAE04EC0-301F-11D3-BF4B-00C04F79EFBC}") = "Unity.InternalAPIEditorBridge.001", "Unity.InternalAPIEditorBridge.001.csproj", "{2360AA28-3153-FB8B-1853-9A3ECB4F47FB}"
EndProject
Project("{FAE04EC0-301F-11D3-BF4B-00C04F79EFBC}") = "Unity.VisualScripting.Shared.Editor", "Unity.VisualScripting.Shared.Editor.csproj", "{4D73B608-6D4E-2E4B-5E8F-E49D4DD6F348}"
EndProject
Project("{FAE04EC0-301F-11D3-BF4B-00C04F79EFBC}") = "Unity.2D.Aseprite.Common", "Unity.2D.Aseprite.Common.csproj", "{821C57F0-2288-2D50-04AC-F922D2A9BBE2}"
EndProject
Project("{FAE04EC0-301F-11D3-BF4B-00C04F79EFBC}") = "IAPResolver", "IAPResolver.csproj", "{BB721FE8-F58B-91E4-5D85-FCFF3430EB3B}"
EndProject
Project("{FAE04EC0-301F-11D3-BF4B-00C04F79EFBC}") = "UnityEngine.UI", "UnityEngine.UI.Player.csproj", "{6BCC3D2A-82FD-290A-7389-551F511A2BB0}"
EndProject
Project("{FAE04EC0-301F-11D3-BF4B-00C04F79EFBC}") = "UnityEngine.TestRunner", "UnityEngine.TestRunner.Player.csproj", "{FC9754E6-CF8D-873F-C110-8233EE873CF6}"
EndProject
Project("{FAE04EC0-301F-11D3-BF4B-00C04F79EFBC}") = "UnityEngine.Purchasing.Stores", "UnityEngine.Purchasing.Stores.Player.csproj", "{BDE4EB3F-D101-95B9-0E40-72187BF52A48}"
EndProject
Project("{FAE04EC0-301F-11D3-BF4B-00C04F79EFBC}") = "Unity.VisualScripting.Flow", "Unity.VisualScripting.Flow.Player.csproj", "{EA769D6C-57EF-5D4C-F073-2CBCDCEC1596}"
EndProject
Project("{FAE04EC0-301F-11D3-BF4B-00C04F79EFBC}") = "Unity.Mathematics", "Unity.Mathematics.Player.csproj", "{09C32DD9-A773-2D7F-5F48-82CCE9E32E68}"
EndProject
Project("{FAE04EC0-301F-11D3-BF4B-00C04F79EFBC}") = "Unity.VisualScripting.State", "Unity.VisualScripting.State.Player.csproj", "{B60B040C-954A-5895-BC42-CFD079D184CE}"
EndProject
Project("{FAE04EC0-301F-11D3-BF4B-00C04F79EFBC}") = "Unity.VisualScripting.Core", "Unity.VisualScripting.Core.Player.csproj", "{DE181FA9-64AD-B110-806C-CF3FBCC4359F}"
EndProject
Project("{FAE04EC0-301F-11D3-BF4B-00C04F79EFBC}") = "UnityEngine.Purchasing.WinRTCore", "UnityEngine.Purchasing.WinRTCore.Player.csproj", "{785BC66A-7FE5-F79D-89D5-6C79B744E9CE}"
EndProject
Project("{FAE04EC0-301F-11D3-BF4B-00C04F79EFBC}") = "UnityEngine.Purchasing.AppleCore", "UnityEngine.Purchasing.AppleCore.Player.csproj", "{9CD0FFDB-B09D-16C6-81A1-4A6DC8682D72}"
EndProject
Project("{FAE04EC0-301F-11D3-BF4B-00C04F79EFBC}") = "Unity.Services.Core.Environments.Internal", "Unity.Services.Core.Environments.Internal.Player.csproj", "{3A1398E6-F1C8-F8D3-74DD-13896FB65F8D}"
EndProject
Project("{FAE04EC0-301F-11D3-BF4B-00C04F79EFBC}") = "Assembly-CSharp", "Assembly-CSharp.Player.csproj", "{6AD64A51-D9B3-84B4-5751-4209191C20D1}"
EndProject
Project("{FAE04EC0-301F-11D3-BF4B-00C04F79EFBC}") = "Unity.Burst", "Unity.Burst.Player.csproj", "{DF1CBE2E-B4CE-77A7-1922-94C23080D8BD}"
EndProject
Project("{FAE04EC0-301F-11D3-BF4B-00C04F79EFBC}") = "Unity.2D.Animation.Runtime", "Unity.2D.Animation.Runtime.Player.csproj", "{8DBCA3E2-224D-2615-B426-01DB61E783E4}"
EndProject
Project("{FAE04EC0-301F-11D3-BF4B-00C04F79EFBC}") = "Unity.TextMeshPro", "Unity.TextMeshPro.Player.csproj", "{193F3F80-2673-8011-0886-A805A59F7D07}"
EndProject
Project("{FAE04EC0-301F-11D3-BF4B-00C04F79EFBC}") = "UnityEngine.Advertisements", "UnityEngine.Advertisements.Player.csproj", "{8AD56707-5ADB-67E1-FC88-B156DD523450}"
EndProject
Project("{FAE04EC0-301F-11D3-BF4B-00C04F79EFBC}") = "Unity.Timeline", "Unity.Timeline.Player.csproj", "{77EEA56C-078A-CB77-B3F1-CB7462CE65B3}"
EndProject
Project("{FAE04EC0-301F-11D3-BF4B-00C04F79EFBC}") = "Unity.Services.Core", "Unity.Services.Core.Player.csproj", "{754AF4F7-4BEF-F759-82AE-560853521EF5}"
EndProject
Project("{FAE04EC0-301F-11D3-BF4B-00C04F79EFBC}") = "UnityEngine.Purchasing.Security", "UnityEngine.Purchasing.Security.Player.csproj", "{07B0C6A3-24A9-2B84-1C7E-53F560948C8D}"
EndProject
Project("{FAE04EC0-301F-11D3-BF4B-00C04F79EFBC}") = "UnityEngine.Purchasing", "UnityEngine.Purchasing.Player.csproj", "{08F4894C-B343-2923-0B04-8894E0836386}"
EndProject
Project("{FAE04EC0-301F-11D3-BF4B-00C04F79EFBC}") = "Unity.Services.Core.Environments", "Unity.Services.Core.Environments.Player.csproj", "{80824619-3665-2E2A-8B41-9B67233897A5}"
EndProject
Project("{FAE04EC0-301F-11D3-BF4B-00C04F79EFBC}") = "Unity.Services.Core.Internal", "Unity.Services.Core.Internal.Player.csproj", "{BAC003C3-5337-9E84-741C-2D397D897714}"
EndProject
Project("{FAE04EC0-301F-11D3-BF4B-00C04F79EFBC}") = "Unity.Services.Core.Analytics", "Unity.Services.Core.Analytics.Player.csproj", "{128C5055-BA66-F7E6-80F9-5226F6AC725E}"
EndProject
Project("{FAE04EC0-301F-11D3-BF4B-00C04F79EFBC}") = "Unity.2D.SpriteShape.Runtime", "Unity.2D.SpriteShape.Runtime.Player.csproj", "{4516C35B-DC9E-1925-BE0E-5872A2F18713}"
EndProject
Project("{FAE04EC0-301F-11D3-BF4B-00C04F79EFBC}") = "Unity.Services.Core.Telemetry", "Unity.Services.Core.Telemetry.Player.csproj", "{A4ABD5B3-2312-248C-95E7-BFDDE3CC61A5}"
EndProject
Project("{FAE04EC0-301F-11D3-BF4B-00C04F79EFBC}") = "Unity.Services.Core.Scheduler", "Unity.Services.Core.Scheduler.Player.csproj", "{4C4B58B0-21A7-C836-A12F-9959E65C3F0D}"
EndProject
Project("{FAE04EC0-301F-11D3-BF4B-00C04F79EFBC}") = "Purchasing.Common", "Purchasing.Common.Player.csproj", "{A0246C6F-9501-E394-FE05-BD0934A26DF1}"
EndProject
Project("{FAE04EC0-301F-11D3-BF4B-00C04F79EFBC}") = "Unity.Services.Core.Registration", "Unity.Services.Core.Registration.Player.csproj", "{E790B865-0142-59A6-1E09-6597A18E2FFD}"
EndProject
Project("{FAE04EC0-301F-11D3-BF4B-00C04F79EFBC}") = "Unity.2D.PixelPerfect", "Unity.2D.PixelPerfect.Player.csproj", "{D38703AE-A9DD-7D2E-6C0B-893A569FD8D6}"
EndProject
Project("{FAE04EC0-301F-11D3-BF4B-00C04F79EFBC}") = "Unity.2D.Common.Runtime", "Unity.2D.Common.Runtime.Player.csproj", "{3A15F78E-85D4-EA57-4548-644A00F2F2EB}"
EndProject
Project("{FAE04EC0-301F-11D3-BF4B-00C04F79EFBC}") = "Unity.2D.IK.Runtime", "Unity.2D.IK.Runtime.Player.csproj", "{A1464F9E-937D-A864-E44A-9181A30D4181}"
EndProject
Project("{FAE04EC0-301F-11D3-BF4B-00C04F79EFBC}") = "Unity.Services.Core.Device", "Unity.Services.Core.Device.Player.csproj", "{9A17F031-2F87-421E-4E1B-36DAB9E358EB}"
EndProject
Project("{FAE04EC0-301F-11D3-BF4B-00C04F79EFBC}") = "UnityEngine.Purchasing.SecurityCore", "UnityEngine.Purchasing.SecurityCore.Player.csproj", "{7CB0D723-3EBD-BA87-2936-48205703C6C5}"
EndProject
Project("{FAE04EC0-301F-11D3-BF4B-00C04F79EFBC}") = "UnityEngine.Purchasing.WinRTStub", "UnityEngine.Purchasing.WinRTStub.Player.csproj", "{8C838042-B47B-65C4-1F89-0DD27209C278}"
EndProject
Project("{FAE04EC0-301F-11D3-BF4B-00C04F79EFBC}") = "Assembly-CSharp-firstpass", "Assembly-CSharp-firstpass.Player.csproj", "{36BD88B2-C6F9-3585-7263-95763DD75900}"
EndProject
Project("{FAE04EC0-301F-11D3-BF4B-00C04F79EFBC}") = "Unity.Services.Core.Threading", "Unity.Services.Core.Threading.Player.csproj", "{6132657D-FFE5-79F6-561B-6781863786A2}"
EndProject
Project("{FAE04EC0-301F-11D3-BF4B-00C04F79EFBC}") = "Unity.2D.Tilemap.Extras", "Unity.2D.Tilemap.Extras.Player.csproj", "{98AEB2F6-60F3-0209-1FDA-FCADFF8B955B}"
EndProject
Project("{FAE04EC0-301F-11D3-BF4B-00C04F79EFBC}") = "Unity.Services.Core.Networking", "Unity.Services.Core.Networking.Player.csproj", "{58564D45-65CB-7A65-80D3-685F47D4C5BD}"
EndProject
Project("{FAE04EC0-301F-11D3-BF4B-00C04F79EFBC}") = "UnityEngine.Purchasing.AppleMacosStub", "UnityEngine.Purchasing.AppleMacosStub.Player.csproj", "{23820C90-0E90-B445-6B77-13035FD27C62}"
EndProject
Project("{FAE04EC0-301F-11D3-BF4B-00C04F79EFBC}") = "UnityEngine.Purchasing.Codeless", "UnityEngine.Purchasing.Codeless.Player.csproj", "{7DDF902B-5495-3CA7-FE1E-632DAD6ADC16}"
EndProject
Project("{FAE04EC0-301F-11D3-BF4B-00C04F79EFBC}") = "Unity.InternalAPIEngineBridge.001", "Unity.InternalAPIEngineBridge.001.Player.csproj", "{88336B48-ED80-B58D-6285-332C62E97D47}"
EndProject
Project("{FAE04EC0-301F-11D3-BF4B-00C04F79EFBC}") = "Unity.Services.Core.Configuration", "Unity.Services.Core.Configuration.Player.csproj", "{D02F6F5A-ED4A-CFA6-C144-166AA61C0132}"
EndProject
Project("{FAE04EC0-301F-11D3-BF4B-00C04F79EFBC}") = "UnityEngine.Purchasing.AppleStub", "UnityEngine.Purchasing.AppleStub.Player.csproj", "{4DD21E7D-9340-1650-DD33-ACD30BAFC449}"
EndProject
Global
	GlobalSection(SolutionConfigurationPlatforms) = preSolution
		Debug|Any CPU = Debug|Any CPU
		Release|Any CPU = Release|Any CPU
	EndGlobalSection
	GlobalSection(ProjectConfigurationPlatforms) = postSolution
		{6348112C-3FE6-B1AE-2314-C76A4FF89C25}.Debug|Any CPU.ActiveCfg = Debug|Any CPU
		{6348112C-3FE6-B1AE-2314-C76A4FF89C25}.Debug|Any CPU.Build.0 = Debug|Any CPU
		{6348112C-3FE6-B1AE-2314-C76A4FF89C25}.Release|Any CPU.ActiveCfg = Release|Any CPU
		{6348112C-3FE6-B1AE-2314-C76A4FF89C25}.Release|Any CPU.Build.0 = Release|Any CPU
		{5D11634D-F181-389E-3A29-D91BD334D5F6}.Debug|Any CPU.ActiveCfg = Debug|Any CPU
		{5D11634D-F181-389E-3A29-D91BD334D5F6}.Debug|Any CPU.Build.0 = Debug|Any CPU
		{5D11634D-F181-389E-3A29-D91BD334D5F6}.Release|Any CPU.ActiveCfg = Release|Any CPU
		{5D11634D-F181-389E-3A29-D91BD334D5F6}.Release|Any CPU.Build.0 = Release|Any CPU
		{D3484FA0-0032-6B54-16C0-CC825B9CD47F}.Debug|Any CPU.ActiveCfg = Debug|Any CPU
		{D3484FA0-0032-6B54-16C0-CC825B9CD47F}.Debug|Any CPU.Build.0 = Debug|Any CPU
		{D3484FA0-0032-6B54-16C0-CC825B9CD47F}.Release|Any CPU.ActiveCfg = Release|Any CPU
		{D3484FA0-0032-6B54-16C0-CC825B9CD47F}.Release|Any CPU.Build.0 = Release|Any CPU
		{98D6889F-3C6E-13EC-7844-CCB289E0FB25}.Debug|Any CPU.ActiveCfg = Debug|Any CPU
		{98D6889F-3C6E-13EC-7844-CCB289E0FB25}.Debug|Any CPU.Build.0 = Debug|Any CPU
		{98D6889F-3C6E-13EC-7844-CCB289E0FB25}.Release|Any CPU.ActiveCfg = Release|Any CPU
		{98D6889F-3C6E-13EC-7844-CCB289E0FB25}.Release|Any CPU.Build.0 = Release|Any CPU
		{7F59A4EC-0298-07C3-7581-06389B015964}.Debug|Any CPU.ActiveCfg = Debug|Any CPU
		{7F59A4EC-0298-07C3-7581-06389B015964}.Debug|Any CPU.Build.0 = Debug|Any CPU
		{7F59A4EC-0298-07C3-7581-06389B015964}.Release|Any CPU.ActiveCfg = Release|Any CPU
		{7F59A4EC-0298-07C3-7581-06389B015964}.Release|Any CPU.Build.0 = Release|Any CPU
		{12C90177-664B-12A0-0C88-70188337F341}.Debug|Any CPU.ActiveCfg = Debug|Any CPU
		{12C90177-664B-12A0-0C88-70188337F341}.Debug|Any CPU.Build.0 = Debug|Any CPU
		{12C90177-664B-12A0-0C88-70188337F341}.Release|Any CPU.ActiveCfg = Release|Any CPU
		{12C90177-664B-12A0-0C88-70188337F341}.Release|Any CPU.Build.0 = Release|Any CPU
		{962617C5-8680-B3A0-0962-F949E6D67C99}.Debug|Any CPU.ActiveCfg = Debug|Any CPU
		{962617C5-8680-B3A0-0962-F949E6D67C99}.Debug|Any CPU.Build.0 = Debug|Any CPU
		{962617C5-8680-B3A0-0962-F949E6D67C99}.Release|Any CPU.ActiveCfg = Release|Any CPU
		{962617C5-8680-B3A0-0962-F949E6D67C99}.Release|Any CPU.Build.0 = Release|Any CPU
		{5AA5A15E-C546-0D3F-DAD5-C5F39F77DD0D}.Debug|Any CPU.ActiveCfg = Debug|Any CPU
		{5AA5A15E-C546-0D3F-DAD5-C5F39F77DD0D}.Debug|Any CPU.Build.0 = Debug|Any CPU
		{5AA5A15E-C546-0D3F-DAD5-C5F39F77DD0D}.Release|Any CPU.ActiveCfg = Release|Any CPU
		{5AA5A15E-C546-0D3F-DAD5-C5F39F77DD0D}.Release|Any CPU.Build.0 = Release|Any CPU
		{D1849E7E-2562-7BE1-E78F-688E72B4A3C8}.Debug|Any CPU.ActiveCfg = Debug|Any CPU
		{D1849E7E-2562-7BE1-E78F-688E72B4A3C8}.Debug|Any CPU.Build.0 = Debug|Any CPU
		{D1849E7E-2562-7BE1-E78F-688E72B4A3C8}.Release|Any CPU.ActiveCfg = Release|Any CPU
		{D1849E7E-2562-7BE1-E78F-688E72B4A3C8}.Release|Any CPU.Build.0 = Release|Any CPU
		{1E511E65-5A14-8C07-0C71-76F10CC0E65F}.Debug|Any CPU.ActiveCfg = Debug|Any CPU
		{1E511E65-5A14-8C07-0C71-76F10CC0E65F}.Debug|Any CPU.Build.0 = Debug|Any CPU
		{1E511E65-5A14-8C07-0C71-76F10CC0E65F}.Release|Any CPU.ActiveCfg = Release|Any CPU
		{1E511E65-5A14-8C07-0C71-76F10CC0E65F}.Release|Any CPU.Build.0 = Release|Any CPU
		{0CEB3174-EE64-D7BF-7342-5C96C367C331}.Debug|Any CPU.ActiveCfg = Debug|Any CPU
		{0CEB3174-EE64-D7BF-7342-5C96C367C331}.Debug|Any CPU.Build.0 = Debug|Any CPU
		{0CEB3174-EE64-D7BF-7342-5C96C367C331}.Release|Any CPU.ActiveCfg = Release|Any CPU
		{0CEB3174-EE64-D7BF-7342-5C96C367C331}.Release|Any CPU.Build.0 = Release|Any CPU
		{6E4AA62B-1EA8-C922-D40A-9D6CB84323D9}.Debug|Any CPU.ActiveCfg = Debug|Any CPU
		{6E4AA62B-1EA8-C922-D40A-9D6CB84323D9}.Debug|Any CPU.Build.0 = Debug|Any CPU
		{6E4AA62B-1EA8-C922-D40A-9D6CB84323D9}.Release|Any CPU.ActiveCfg = Release|Any CPU
		{6E4AA62B-1EA8-C922-D40A-9D6CB84323D9}.Release|Any CPU.Build.0 = Release|Any CPU
		{035031FC-635A-9519-2F92-3CBB41403B0E}.Debug|Any CPU.ActiveCfg = Debug|Any CPU
		{035031FC-635A-9519-2F92-3CBB41403B0E}.Debug|Any CPU.Build.0 = Debug|Any CPU
		{035031FC-635A-9519-2F92-3CBB41403B0E}.Release|Any CPU.ActiveCfg = Release|Any CPU
		{035031FC-635A-9519-2F92-3CBB41403B0E}.Release|Any CPU.Build.0 = Release|Any CPU
		{0889707E-E515-3E83-C6CF-B777FAA942C9}.Debug|Any CPU.ActiveCfg = Debug|Any CPU
		{0889707E-E515-3E83-C6CF-B777FAA942C9}.Debug|Any CPU.Build.0 = Debug|Any CPU
		{0889707E-E515-3E83-C6CF-B777FAA942C9}.Release|Any CPU.ActiveCfg = Release|Any CPU
		{0889707E-E515-3E83-C6CF-B777FAA942C9}.Release|Any CPU.Build.0 = Release|Any CPU
		{C6879A9A-3DBB-1913-F17A-9C74249A9FB3}.Debug|Any CPU.ActiveCfg = Debug|Any CPU
		{C6879A9A-3DBB-1913-F17A-9C74249A9FB3}.Debug|Any CPU.Build.0 = Debug|Any CPU
		{C6879A9A-3DBB-1913-F17A-9C74249A9FB3}.Release|Any CPU.ActiveCfg = Release|Any CPU
		{C6879A9A-3DBB-1913-F17A-9C74249A9FB3}.Release|Any CPU.Build.0 = Release|Any CPU
		{DA5597B5-0E28-CC81-E227-F24022914A39}.Debug|Any CPU.ActiveCfg = Debug|Any CPU
		{DA5597B5-0E28-CC81-E227-F24022914A39}.Debug|Any CPU.Build.0 = Debug|Any CPU
		{DA5597B5-0E28-CC81-E227-F24022914A39}.Release|Any CPU.ActiveCfg = Release|Any CPU
		{DA5597B5-0E28-CC81-E227-F24022914A39}.Release|Any CPU.Build.0 = Release|Any CPU
		{B50254D4-1EAB-D161-0B7E-92F53C992D56}.Debug|Any CPU.ActiveCfg = Debug|Any CPU
		{B50254D4-1EAB-D161-0B7E-92F53C992D56}.Debug|Any CPU.Build.0 = Debug|Any CPU
		{B50254D4-1EAB-D161-0B7E-92F53C992D56}.Release|Any CPU.ActiveCfg = Release|Any CPU
		{B50254D4-1EAB-D161-0B7E-92F53C992D56}.Release|Any CPU.Build.0 = Release|Any CPU
		{30B85526-31A5-D303-1E6A-1C537E0BD93C}.Debug|Any CPU.ActiveCfg = Debug|Any CPU
		{30B85526-31A5-D303-1E6A-1C537E0BD93C}.Debug|Any CPU.Build.0 = Debug|Any CPU
		{30B85526-31A5-D303-1E6A-1C537E0BD93C}.Release|Any CPU.ActiveCfg = Release|Any CPU
		{30B85526-31A5-D303-1E6A-1C537E0BD93C}.Release|Any CPU.Build.0 = Release|Any CPU
		{88B7EB83-3D36-5393-94CD-D38BC9E14B76}.Debug|Any CPU.ActiveCfg = Debug|Any CPU
		{88B7EB83-3D36-5393-94CD-D38BC9E14B76}.Debug|Any CPU.Build.0 = Debug|Any CPU
		{88B7EB83-3D36-5393-94CD-D38BC9E14B76}.Release|Any CPU.ActiveCfg = Release|Any CPU
		{88B7EB83-3D36-5393-94CD-D38BC9E14B76}.Release|Any CPU.Build.0 = Release|Any CPU
		{8E44CEF7-17E4-A2D6-6B50-E185D65C2117}.Debug|Any CPU.ActiveCfg = Debug|Any CPU
		{8E44CEF7-17E4-A2D6-6B50-E185D65C2117}.Debug|Any CPU.Build.0 = Debug|Any CPU
		{8E44CEF7-17E4-A2D6-6B50-E185D65C2117}.Release|Any CPU.ActiveCfg = Release|Any CPU
		{8E44CEF7-17E4-A2D6-6B50-E185D65C2117}.Release|Any CPU.Build.0 = Release|Any CPU
		{8CD4CD0C-A626-20E9-6789-B6DCB1AB0A73}.Debug|Any CPU.ActiveCfg = Debug|Any CPU
		{8CD4CD0C-A626-20E9-6789-B6DCB1AB0A73}.Debug|Any CPU.Build.0 = Debug|Any CPU
		{8CD4CD0C-A626-20E9-6789-B6DCB1AB0A73}.Release|Any CPU.ActiveCfg = Release|Any CPU
		{8CD4CD0C-A626-20E9-6789-B6DCB1AB0A73}.Release|Any CPU.Build.0 = Release|Any CPU
		{3112676D-3620-F301-D4EB-A8A05AC71149}.Debug|Any CPU.ActiveCfg = Debug|Any CPU
		{3112676D-3620-F301-D4EB-A8A05AC71149}.Debug|Any CPU.Build.0 = Debug|Any CPU
		{3112676D-3620-F301-D4EB-A8A05AC71149}.Release|Any CPU.ActiveCfg = Release|Any CPU
		{3112676D-3620-F301-D4EB-A8A05AC71149}.Release|Any CPU.Build.0 = Release|Any CPU
		{B736AD27-FCC7-17A7-C7E5-115CB75E4B4D}.Debug|Any CPU.ActiveCfg = Debug|Any CPU
		{B736AD27-FCC7-17A7-C7E5-115CB75E4B4D}.Debug|Any CPU.Build.0 = Debug|Any CPU
		{B736AD27-FCC7-17A7-C7E5-115CB75E4B4D}.Release|Any CPU.ActiveCfg = Release|Any CPU
		{B736AD27-FCC7-17A7-C7E5-115CB75E4B4D}.Release|Any CPU.Build.0 = Release|Any CPU
		{AA63C30E-AF33-9B64-4EDB-EAA821951B8D}.Debug|Any CPU.ActiveCfg = Debug|Any CPU
		{AA63C30E-AF33-9B64-4EDB-EAA821951B8D}.Debug|Any CPU.Build.0 = Debug|Any CPU
		{AA63C30E-AF33-9B64-4EDB-EAA821951B8D}.Release|Any CPU.ActiveCfg = Release|Any CPU
		{AA63C30E-AF33-9B64-4EDB-EAA821951B8D}.Release|Any CPU.Build.0 = Release|Any CPU
		{A13856CA-66AD-B455-0CE7-6180A78A99F8}.Debug|Any CPU.ActiveCfg = Debug|Any CPU
		{A13856CA-66AD-B455-0CE7-6180A78A99F8}.Debug|Any CPU.Build.0 = Debug|Any CPU
		{A13856CA-66AD-B455-0CE7-6180A78A99F8}.Release|Any CPU.ActiveCfg = Release|Any CPU
		{A13856CA-66AD-B455-0CE7-6180A78A99F8}.Release|Any CPU.Build.0 = Release|Any CPU
		{D49B19EE-C30C-0FC8-F712-F645686AE651}.Debug|Any CPU.ActiveCfg = Debug|Any CPU
		{D49B19EE-C30C-0FC8-F712-F645686AE651}.Debug|Any CPU.Build.0 = Debug|Any CPU
		{D49B19EE-C30C-0FC8-F712-F645686AE651}.Release|Any CPU.ActiveCfg = Release|Any CPU
		{D49B19EE-C30C-0FC8-F712-F645686AE651}.Release|Any CPU.Build.0 = Release|Any CPU
		{37E5F1CF-7B21-3853-9066-3B217AA80854}.Debug|Any CPU.ActiveCfg = Debug|Any CPU
		{37E5F1CF-7B21-3853-9066-3B217AA80854}.Debug|Any CPU.Build.0 = Debug|Any CPU
		{37E5F1CF-7B21-3853-9066-3B217AA80854}.Release|Any CPU.ActiveCfg = Release|Any CPU
		{37E5F1CF-7B21-3853-9066-3B217AA80854}.Release|Any CPU.Build.0 = Release|Any CPU
		{12DE0687-1C8E-A89D-E186-143930204A2E}.Debug|Any CPU.ActiveCfg = Debug|Any CPU
		{12DE0687-1C8E-A89D-E186-143930204A2E}.Debug|Any CPU.Build.0 = Debug|Any CPU
		{12DE0687-1C8E-A89D-E186-143930204A2E}.Release|Any CPU.ActiveCfg = Release|Any CPU
		{12DE0687-1C8E-A89D-E186-143930204A2E}.Release|Any CPU.Build.0 = Release|Any CPU
		{AE4CF97A-1C72-D20C-FB4D-D3FE8897AFFF}.Debug|Any CPU.ActiveCfg = Debug|Any CPU
		{AE4CF97A-1C72-D20C-FB4D-D3FE8897AFFF}.Debug|Any CPU.Build.0 = Debug|Any CPU
		{AE4CF97A-1C72-D20C-FB4D-D3FE8897AFFF}.Release|Any CPU.ActiveCfg = Release|Any CPU
		{AE4CF97A-1C72-D20C-FB4D-D3FE8897AFFF}.Release|Any CPU.Build.0 = Release|Any CPU
		{5BBC9C15-1E96-111C-1043-E50AE929797A}.Debug|Any CPU.ActiveCfg = Debug|Any CPU
		{5BBC9C15-1E96-111C-1043-E50AE929797A}.Debug|Any CPU.Build.0 = Debug|Any CPU
		{5BBC9C15-1E96-111C-1043-E50AE929797A}.Release|Any CPU.ActiveCfg = Release|Any CPU
		{5BBC9C15-1E96-111C-1043-E50AE929797A}.Release|Any CPU.Build.0 = Release|Any CPU
		{3DE99F4F-571F-4BF0-527B-E8BDBCCB2C2F}.Debug|Any CPU.ActiveCfg = Debug|Any CPU
		{3DE99F4F-571F-4BF0-527B-E8BDBCCB2C2F}.Debug|Any CPU.Build.0 = Debug|Any CPU
		{3DE99F4F-571F-4BF0-527B-E8BDBCCB2C2F}.Release|Any CPU.ActiveCfg = Release|Any CPU
		{3DE99F4F-571F-4BF0-527B-E8BDBCCB2C2F}.Release|Any CPU.Build.0 = Release|Any CPU
		{C85A8D1B-90F7-E1F9-532C-AB6323B0E3F8}.Debug|Any CPU.ActiveCfg = Debug|Any CPU
		{C85A8D1B-90F7-E1F9-532C-AB6323B0E3F8}.Debug|Any CPU.Build.0 = Debug|Any CPU
		{C85A8D1B-90F7-E1F9-532C-AB6323B0E3F8}.Release|Any CPU.ActiveCfg = Release|Any CPU
		{C85A8D1B-90F7-E1F9-532C-AB6323B0E3F8}.Release|Any CPU.Build.0 = Release|Any CPU
		{6F9C8815-68BE-1633-97A3-A61DB56C970E}.Debug|Any CPU.ActiveCfg = Debug|Any CPU
		{6F9C8815-68BE-1633-97A3-A61DB56C970E}.Debug|Any CPU.Build.0 = Debug|Any CPU
		{6F9C8815-68BE-1633-97A3-A61DB56C970E}.Release|Any CPU.ActiveCfg = Release|Any CPU
		{6F9C8815-68BE-1633-97A3-A61DB56C970E}.Release|Any CPU.Build.0 = Release|Any CPU
		{7A5293F6-B791-DA4B-85DE-6A04A1948A9D}.Debug|Any CPU.ActiveCfg = Debug|Any CPU
		{7A5293F6-B791-DA4B-85DE-6A04A1948A9D}.Debug|Any CPU.Build.0 = Debug|Any CPU
		{7A5293F6-B791-DA4B-85DE-6A04A1948A9D}.Release|Any CPU.ActiveCfg = Release|Any CPU
		{7A5293F6-B791-DA4B-85DE-6A04A1948A9D}.Release|Any CPU.Build.0 = Release|Any CPU
		{E457B410-ACF5-C3D5-65B2-DA7AE56C93F8}.Debug|Any CPU.ActiveCfg = Debug|Any CPU
		{E457B410-ACF5-C3D5-65B2-DA7AE56C93F8}.Debug|Any CPU.Build.0 = Debug|Any CPU
		{E457B410-ACF5-C3D5-65B2-DA7AE56C93F8}.Release|Any CPU.ActiveCfg = Release|Any CPU
		{E457B410-ACF5-C3D5-65B2-DA7AE56C93F8}.Release|Any CPU.Build.0 = Release|Any CPU
		{5E074CA3-D699-0801-8E2A-F812CCAA3C36}.Debug|Any CPU.ActiveCfg = Debug|Any CPU
		{5E074CA3-D699-0801-8E2A-F812CCAA3C36}.Debug|Any CPU.Build.0 = Debug|Any CPU
		{5E074CA3-D699-0801-8E2A-F812CCAA3C36}.Release|Any CPU.ActiveCfg = Release|Any CPU
		{5E074CA3-D699-0801-8E2A-F812CCAA3C36}.Release|Any CPU.Build.0 = Release|Any CPU
		{D0CB347D-3921-C145-1D2C-860B95E576E4}.Debug|Any CPU.ActiveCfg = Debug|Any CPU
		{D0CB347D-3921-C145-1D2C-860B95E576E4}.Debug|Any CPU.Build.0 = Debug|Any CPU
		{D0CB347D-3921-C145-1D2C-860B95E576E4}.Release|Any CPU.ActiveCfg = Release|Any CPU
		{D0CB347D-3921-C145-1D2C-860B95E576E4}.Release|Any CPU.Build.0 = Release|Any CPU
		{510D49E7-4B27-5158-743E-96FED698E074}.Debug|Any CPU.ActiveCfg = Debug|Any CPU
		{510D49E7-4B27-5158-743E-96FED698E074}.Debug|Any CPU.Build.0 = Debug|Any CPU
		{510D49E7-4B27-5158-743E-96FED698E074}.Release|Any CPU.ActiveCfg = Release|Any CPU
		{510D49E7-4B27-5158-743E-96FED698E074}.Release|Any CPU.Build.0 = Release|Any CPU
		{44465DDA-7D09-7892-EBCD-E52FDE2EF1C9}.Debug|Any CPU.ActiveCfg = Debug|Any CPU
		{44465DDA-7D09-7892-EBCD-E52FDE2EF1C9}.Debug|Any CPU.Build.0 = Debug|Any CPU
		{44465DDA-7D09-7892-EBCD-E52FDE2EF1C9}.Release|Any CPU.ActiveCfg = Release|Any CPU
		{44465DDA-7D09-7892-EBCD-E52FDE2EF1C9}.Release|Any CPU.Build.0 = Release|Any CPU
		{12D6E842-3A60-DBD2-B995-D232E6628F5B}.Debug|Any CPU.ActiveCfg = Debug|Any CPU
		{12D6E842-3A60-DBD2-B995-D232E6628F5B}.Debug|Any CPU.Build.0 = Debug|Any CPU
		{12D6E842-3A60-DBD2-B995-D232E6628F5B}.Release|Any CPU.ActiveCfg = Release|Any CPU
		{12D6E842-3A60-DBD2-B995-D232E6628F5B}.Release|Any CPU.Build.0 = Release|Any CPU
		{FBFC4DA0-D85B-0836-22C3-16518297F22E}.Debug|Any CPU.ActiveCfg = Debug|Any CPU
		{FBFC4DA0-D85B-0836-22C3-16518297F22E}.Debug|Any CPU.Build.0 = Debug|Any CPU
		{FBFC4DA0-D85B-0836-22C3-16518297F22E}.Release|Any CPU.ActiveCfg = Release|Any CPU
		{FBFC4DA0-D85B-0836-22C3-16518297F22E}.Release|Any CPU.Build.0 = Release|Any CPU
		{5FCFF428-B588-2AEB-4B6B-9E32827B8CBF}.Debug|Any CPU.ActiveCfg = Debug|Any CPU
		{5FCFF428-B588-2AEB-4B6B-9E32827B8CBF}.Debug|Any CPU.Build.0 = Debug|Any CPU
		{5FCFF428-B588-2AEB-4B6B-9E32827B8CBF}.Release|Any CPU.ActiveCfg = Release|Any CPU
		{5FCFF428-B588-2AEB-4B6B-9E32827B8CBF}.Release|Any CPU.Build.0 = Release|Any CPU
		{3E1DB1EC-0302-ED1C-B5F5-DF0953BD4BFC}.Debug|Any CPU.ActiveCfg = Debug|Any CPU
		{3E1DB1EC-0302-ED1C-B5F5-DF0953BD4BFC}.Debug|Any CPU.Build.0 = Debug|Any CPU
		{3E1DB1EC-0302-ED1C-B5F5-DF0953BD4BFC}.Release|Any CPU.ActiveCfg = Release|Any CPU
		{3E1DB1EC-0302-ED1C-B5F5-DF0953BD4BFC}.Release|Any CPU.Build.0 = Release|Any CPU
		{9313593C-9AF8-A90C-EFD1-D2DE70333D1E}.Debug|Any CPU.ActiveCfg = Debug|Any CPU
		{9313593C-9AF8-A90C-EFD1-D2DE70333D1E}.Debug|Any CPU.Build.0 = Debug|Any CPU
		{9313593C-9AF8-A90C-EFD1-D2DE70333D1E}.Release|Any CPU.ActiveCfg = Release|Any CPU
		{9313593C-9AF8-A90C-EFD1-D2DE70333D1E}.Release|Any CPU.Build.0 = Release|Any CPU
		{A1CE5A39-E593-25D2-A1AA-88349BEDBCBF}.Debug|Any CPU.ActiveCfg = Debug|Any CPU
		{A1CE5A39-E593-25D2-A1AA-88349BEDBCBF}.Debug|Any CPU.Build.0 = Debug|Any CPU
		{A1CE5A39-E593-25D2-A1AA-88349BEDBCBF}.Release|Any CPU.ActiveCfg = Release|Any CPU
		{A1CE5A39-E593-25D2-A1AA-88349BEDBCBF}.Release|Any CPU.Build.0 = Release|Any CPU
		{DF9A3BC0-330C-0D91-D5AA-A8867E55D554}.Debug|Any CPU.ActiveCfg = Debug|Any CPU
		{DF9A3BC0-330C-0D91-D5AA-A8867E55D554}.Debug|Any CPU.Build.0 = Debug|Any CPU
		{DF9A3BC0-330C-0D91-D5AA-A8867E55D554}.Release|Any CPU.ActiveCfg = Release|Any CPU
		{DF9A3BC0-330C-0D91-D5AA-A8867E55D554}.Release|Any CPU.Build.0 = Release|Any CPU
		{E33A72FB-244F-72AE-641E-50BB5EC9C4D8}.Debug|Any CPU.ActiveCfg = Debug|Any CPU
		{E33A72FB-244F-72AE-641E-50BB5EC9C4D8}.Debug|Any CPU.Build.0 = Debug|Any CPU
		{E33A72FB-244F-72AE-641E-50BB5EC9C4D8}.Release|Any CPU.ActiveCfg = Release|Any CPU
		{E33A72FB-244F-72AE-641E-50BB5EC9C4D8}.Release|Any CPU.Build.0 = Release|Any CPU
		{5F760EAC-5E9C-EBAD-5581-23AEDF0CD799}.Debug|Any CPU.ActiveCfg = Debug|Any CPU
		{5F760EAC-5E9C-EBAD-5581-23AEDF0CD799}.Debug|Any CPU.Build.0 = Debug|Any CPU
		{5F760EAC-5E9C-EBAD-5581-23AEDF0CD799}.Release|Any CPU.ActiveCfg = Release|Any CPU
		{5F760EAC-5E9C-EBAD-5581-23AEDF0CD799}.Release|Any CPU.Build.0 = Release|Any CPU
		{37BEDF7D-7E37-09C9-84FA-5BB767059962}.Debug|Any CPU.ActiveCfg = Debug|Any CPU
		{37BEDF7D-7E37-09C9-84FA-5BB767059962}.Debug|Any CPU.Build.0 = Debug|Any CPU
		{37BEDF7D-7E37-09C9-84FA-5BB767059962}.Release|Any CPU.ActiveCfg = Release|Any CPU
		{37BEDF7D-7E37-09C9-84FA-5BB767059962}.Release|Any CPU.Build.0 = Release|Any CPU
		{E493DB56-C649-0192-68CB-04DAE4617BA7}.Debug|Any CPU.ActiveCfg = Debug|Any CPU
		{E493DB56-C649-0192-68CB-04DAE4617BA7}.Debug|Any CPU.Build.0 = Debug|Any CPU
		{E493DB56-C649-0192-68CB-04DAE4617BA7}.Release|Any CPU.ActiveCfg = Release|Any CPU
		{E493DB56-C649-0192-68CB-04DAE4617BA7}.Release|Any CPU.Build.0 = Release|Any CPU
		{A5559B4B-47B4-8DE2-DA46-EEF394694B22}.Debug|Any CPU.ActiveCfg = Debug|Any CPU
		{A5559B4B-47B4-8DE2-DA46-EEF394694B22}.Debug|Any CPU.Build.0 = Debug|Any CPU
		{A5559B4B-47B4-8DE2-DA46-EEF394694B22}.Release|Any CPU.ActiveCfg = Release|Any CPU
		{A5559B4B-47B4-8DE2-DA46-EEF394694B22}.Release|Any CPU.Build.0 = Release|Any CPU
		{D981678F-6030-83DB-4245-4A21A82A5284}.Debug|Any CPU.ActiveCfg = Debug|Any CPU
		{D981678F-6030-83DB-4245-4A21A82A5284}.Debug|Any CPU.Build.0 = Debug|Any CPU
		{D981678F-6030-83DB-4245-4A21A82A5284}.Release|Any CPU.ActiveCfg = Release|Any CPU
		{D981678F-6030-83DB-4245-4A21A82A5284}.Release|Any CPU.Build.0 = Release|Any CPU
		{84B3970B-249E-05F0-C381-23FD09D25597}.Debug|Any CPU.ActiveCfg = Debug|Any CPU
		{84B3970B-249E-05F0-C381-23FD09D25597}.Debug|Any CPU.Build.0 = Debug|Any CPU
		{84B3970B-249E-05F0-C381-23FD09D25597}.Release|Any CPU.ActiveCfg = Release|Any CPU
		{84B3970B-249E-05F0-C381-23FD09D25597}.Release|Any CPU.Build.0 = Release|Any CPU
		{0D1F240B-8F2F-1292-6D09-6E4D1EF7F818}.Debug|Any CPU.ActiveCfg = Debug|Any CPU
		{0D1F240B-8F2F-1292-6D09-6E4D1EF7F818}.Debug|Any CPU.Build.0 = Debug|Any CPU
		{0D1F240B-8F2F-1292-6D09-6E4D1EF7F818}.Release|Any CPU.ActiveCfg = Release|Any CPU
		{0D1F240B-8F2F-1292-6D09-6E4D1EF7F818}.Release|Any CPU.Build.0 = Release|Any CPU
		{76080CCB-53D7-6F97-6784-3CBF3E368A99}.Debug|Any CPU.ActiveCfg = Debug|Any CPU
		{76080CCB-53D7-6F97-6784-3CBF3E368A99}.Debug|Any CPU.Build.0 = Debug|Any CPU
		{76080CCB-53D7-6F97-6784-3CBF3E368A99}.Release|Any CPU.ActiveCfg = Release|Any CPU
		{76080CCB-53D7-6F97-6784-3CBF3E368A99}.Release|Any CPU.Build.0 = Release|Any CPU
		{4B82BD53-2C0F-0091-CA7F-6733BF27CE68}.Debug|Any CPU.ActiveCfg = Debug|Any CPU
		{4B82BD53-2C0F-0091-CA7F-6733BF27CE68}.Debug|Any CPU.Build.0 = Debug|Any CPU
		{4B82BD53-2C0F-0091-CA7F-6733BF27CE68}.Release|Any CPU.ActiveCfg = Release|Any CPU
		{4B82BD53-2C0F-0091-CA7F-6733BF27CE68}.Release|Any CPU.Build.0 = Release|Any CPU
		{AECF1A7C-08E7-75C3-A7FF-68384F0634F0}.Debug|Any CPU.ActiveCfg = Debug|Any CPU
		{AECF1A7C-08E7-75C3-A7FF-68384F0634F0}.Debug|Any CPU.Build.0 = Debug|Any CPU
		{AECF1A7C-08E7-75C3-A7FF-68384F0634F0}.Release|Any CPU.ActiveCfg = Release|Any CPU
		{AECF1A7C-08E7-75C3-A7FF-68384F0634F0}.Release|Any CPU.Build.0 = Release|Any CPU
		{FFE44B9B-BC62-8E1F-2A91-687AD79CEA86}.Debug|Any CPU.ActiveCfg = Debug|Any CPU
		{FFE44B9B-BC62-8E1F-2A91-687AD79CEA86}.Debug|Any CPU.Build.0 = Debug|Any CPU
		{FFE44B9B-BC62-8E1F-2A91-687AD79CEA86}.Release|Any CPU.ActiveCfg = Release|Any CPU
		{FFE44B9B-BC62-8E1F-2A91-687AD79CEA86}.Release|Any CPU.Build.0 = Release|Any CPU
		{2B9A6185-D36B-FC88-77FB-DD2D6F8E1814}.Debug|Any CPU.ActiveCfg = Debug|Any CPU
		{2B9A6185-D36B-FC88-77FB-DD2D6F8E1814}.Debug|Any CPU.Build.0 = Debug|Any CPU
		{2B9A6185-D36B-FC88-77FB-DD2D6F8E1814}.Release|Any CPU.ActiveCfg = Release|Any CPU
		{2B9A6185-D36B-FC88-77FB-DD2D6F8E1814}.Release|Any CPU.Build.0 = Release|Any CPU
		{D41ED9B7-8EA1-90AB-72A3-638C6CF70039}.Debug|Any CPU.ActiveCfg = Debug|Any CPU
		{D41ED9B7-8EA1-90AB-72A3-638C6CF70039}.Debug|Any CPU.Build.0 = Debug|Any CPU
		{D41ED9B7-8EA1-90AB-72A3-638C6CF70039}.Release|Any CPU.ActiveCfg = Release|Any CPU
		{D41ED9B7-8EA1-90AB-72A3-638C6CF70039}.Release|Any CPU.Build.0 = Release|Any CPU
		{EC5F1476-3D16-F5FD-0F93-97ED37694AE2}.Debug|Any CPU.ActiveCfg = Debug|Any CPU
		{EC5F1476-3D16-F5FD-0F93-97ED37694AE2}.Debug|Any CPU.Build.0 = Debug|Any CPU
		{EC5F1476-3D16-F5FD-0F93-97ED37694AE2}.Release|Any CPU.ActiveCfg = Release|Any CPU
		{EC5F1476-3D16-F5FD-0F93-97ED37694AE2}.Release|Any CPU.Build.0 = Release|Any CPU
		{510CDBC6-84F9-B980-18A2-820B6338C8C2}.Debug|Any CPU.ActiveCfg = Debug|Any CPU
		{510CDBC6-84F9-B980-18A2-820B6338C8C2}.Debug|Any CPU.Build.0 = Debug|Any CPU
		{510CDBC6-84F9-B980-18A2-820B6338C8C2}.Release|Any CPU.ActiveCfg = Release|Any CPU
		{510CDBC6-84F9-B980-18A2-820B6338C8C2}.Release|Any CPU.Build.0 = Release|Any CPU
		{E594348F-33A0-CE39-C5A2-A2D314EBD332}.Debug|Any CPU.ActiveCfg = Debug|Any CPU
		{E594348F-33A0-CE39-C5A2-A2D314EBD332}.Debug|Any CPU.Build.0 = Debug|Any CPU
		{E594348F-33A0-CE39-C5A2-A2D314EBD332}.Release|Any CPU.ActiveCfg = Release|Any CPU
		{E594348F-33A0-CE39-C5A2-A2D314EBD332}.Release|Any CPU.Build.0 = Release|Any CPU
		{D5571AD7-CF02-2AC3-40B6-DD0A12B8DEE9}.Debug|Any CPU.ActiveCfg = Debug|Any CPU
		{D5571AD7-CF02-2AC3-40B6-DD0A12B8DEE9}.Debug|Any CPU.Build.0 = Debug|Any CPU
		{D5571AD7-CF02-2AC3-40B6-DD0A12B8DEE9}.Release|Any CPU.ActiveCfg = Release|Any CPU
		{D5571AD7-CF02-2AC3-40B6-DD0A12B8DEE9}.Release|Any CPU.Build.0 = Release|Any CPU
		{8EFA1176-583A-89E8-E5A5-55C7C5FAAC71}.Debug|Any CPU.ActiveCfg = Debug|Any CPU
		{8EFA1176-583A-89E8-E5A5-55C7C5FAAC71}.Debug|Any CPU.Build.0 = Debug|Any CPU
		{8EFA1176-583A-89E8-E5A5-55C7C5FAAC71}.Release|Any CPU.ActiveCfg = Release|Any CPU
		{8EFA1176-583A-89E8-E5A5-55C7C5FAAC71}.Release|Any CPU.Build.0 = Release|Any CPU
		{1EBA0DD4-A6B6-4AD3-2EF8-98714DA91E32}.Debug|Any CPU.ActiveCfg = Debug|Any CPU
		{1EBA0DD4-A6B6-4AD3-2EF8-98714DA91E32}.Debug|Any CPU.Build.0 = Debug|Any CPU
		{1EBA0DD4-A6B6-4AD3-2EF8-98714DA91E32}.Release|Any CPU.ActiveCfg = Release|Any CPU
		{1EBA0DD4-A6B6-4AD3-2EF8-98714DA91E32}.Release|Any CPU.Build.0 = Release|Any CPU
		{E1DA9F72-9E72-685B-BB68-E1E5CAABB8A3}.Debug|Any CPU.ActiveCfg = Debug|Any CPU
		{E1DA9F72-9E72-685B-BB68-E1E5CAABB8A3}.Debug|Any CPU.Build.0 = Debug|Any CPU
		{E1DA9F72-9E72-685B-BB68-E1E5CAABB8A3}.Release|Any CPU.ActiveCfg = Release|Any CPU
		{E1DA9F72-9E72-685B-BB68-E1E5CAABB8A3}.Release|Any CPU.Build.0 = Release|Any CPU
		{93CE59EE-CD6C-31EB-68AC-72C99EEAB4F5}.Debug|Any CPU.ActiveCfg = Debug|Any CPU
		{93CE59EE-CD6C-31EB-68AC-72C99EEAB4F5}.Debug|Any CPU.Build.0 = Debug|Any CPU
		{93CE59EE-CD6C-31EB-68AC-72C99EEAB4F5}.Release|Any CPU.ActiveCfg = Release|Any CPU
		{93CE59EE-CD6C-31EB-68AC-72C99EEAB4F5}.Release|Any CPU.Build.0 = Release|Any CPU
		{B2A94553-14B5-4B41-16B9-3AB4B906916B}.Debug|Any CPU.ActiveCfg = Debug|Any CPU
		{B2A94553-14B5-4B41-16B9-3AB4B906916B}.Debug|Any CPU.Build.0 = Debug|Any CPU
		{B2A94553-14B5-4B41-16B9-3AB4B906916B}.Release|Any CPU.ActiveCfg = Release|Any CPU
		{B2A94553-14B5-4B41-16B9-3AB4B906916B}.Release|Any CPU.Build.0 = Release|Any CPU
		{984F5BFF-F9CC-8367-1061-3E5ADB3B3150}.Debug|Any CPU.ActiveCfg = Debug|Any CPU
		{984F5BFF-F9CC-8367-1061-3E5ADB3B3150}.Debug|Any CPU.Build.0 = Debug|Any CPU
		{984F5BFF-F9CC-8367-1061-3E5ADB3B3150}.Release|Any CPU.ActiveCfg = Release|Any CPU
		{984F5BFF-F9CC-8367-1061-3E5ADB3B3150}.Release|Any CPU.Build.0 = Release|Any CPU
		{A1CAE495-6578-723C-4146-88937DB8F0C3}.Debug|Any CPU.ActiveCfg = Debug|Any CPU
		{A1CAE495-6578-723C-4146-88937DB8F0C3}.Debug|Any CPU.Build.0 = Debug|Any CPU
		{A1CAE495-6578-723C-4146-88937DB8F0C3}.Release|Any CPU.ActiveCfg = Release|Any CPU
		{A1CAE495-6578-723C-4146-88937DB8F0C3}.Release|Any CPU.Build.0 = Release|Any CPU
		{CE028F38-F540-A735-E7DC-3D5E77E3AFEE}.Debug|Any CPU.ActiveCfg = Debug|Any CPU
		{CE028F38-F540-A735-E7DC-3D5E77E3AFEE}.Debug|Any CPU.Build.0 = Debug|Any CPU
		{CE028F38-F540-A735-E7DC-3D5E77E3AFEE}.Release|Any CPU.ActiveCfg = Release|Any CPU
		{CE028F38-F540-A735-E7DC-3D5E77E3AFEE}.Release|Any CPU.Build.0 = Release|Any CPU
		{E1683D03-E472-227B-40F2-052C839C19D6}.Debug|Any CPU.ActiveCfg = Debug|Any CPU
		{E1683D03-E472-227B-40F2-052C839C19D6}.Debug|Any CPU.Build.0 = Debug|Any CPU
		{E1683D03-E472-227B-40F2-052C839C19D6}.Release|Any CPU.ActiveCfg = Release|Any CPU
		{E1683D03-E472-227B-40F2-052C839C19D6}.Release|Any CPU.Build.0 = Release|Any CPU
		{1ABEBCFE-5AE8-B3FE-EBB3-03AAEA6FC01B}.Debug|Any CPU.ActiveCfg = Debug|Any CPU
		{1ABEBCFE-5AE8-B3FE-EBB3-03AAEA6FC01B}.Debug|Any CPU.Build.0 = Debug|Any CPU
		{1ABEBCFE-5AE8-B3FE-EBB3-03AAEA6FC01B}.Release|Any CPU.ActiveCfg = Release|Any CPU
		{1ABEBCFE-5AE8-B3FE-EBB3-03AAEA6FC01B}.Release|Any CPU.Build.0 = Release|Any CPU
		{CC6045D4-57BA-741B-FF60-495BF328706E}.Debug|Any CPU.ActiveCfg = Debug|Any CPU
		{CC6045D4-57BA-741B-FF60-495BF328706E}.Debug|Any CPU.Build.0 = Debug|Any CPU
		{CC6045D4-57BA-741B-FF60-495BF328706E}.Release|Any CPU.ActiveCfg = Release|Any CPU
		{CC6045D4-57BA-741B-FF60-495BF328706E}.Release|Any CPU.Build.0 = Release|Any CPU
		{55E8C8CB-54AC-575E-C82F-CC03C6E5BB37}.Debug|Any CPU.ActiveCfg = Debug|Any CPU
		{55E8C8CB-54AC-575E-C82F-CC03C6E5BB37}.Debug|Any CPU.Build.0 = Debug|Any CPU
		{55E8C8CB-54AC-575E-C82F-CC03C6E5BB37}.Release|Any CPU.ActiveCfg = Release|Any CPU
		{55E8C8CB-54AC-575E-C82F-CC03C6E5BB37}.Release|Any CPU.Build.0 = Release|Any CPU
		{9EAD88BA-7029-0BBC-75C7-777722A7CBDB}.Debug|Any CPU.ActiveCfg = Debug|Any CPU
		{9EAD88BA-7029-0BBC-75C7-777722A7CBDB}.Debug|Any CPU.Build.0 = Debug|Any CPU
		{9EAD88BA-7029-0BBC-75C7-777722A7CBDB}.Release|Any CPU.ActiveCfg = Release|Any CPU
		{9EAD88BA-7029-0BBC-75C7-777722A7CBDB}.Release|Any CPU.Build.0 = Release|Any CPU
		{357E63F7-6C92-0CFD-56B9-0B6DDDE63D1D}.Debug|Any CPU.ActiveCfg = Debug|Any CPU
		{357E63F7-6C92-0CFD-56B9-0B6DDDE63D1D}.Debug|Any CPU.Build.0 = Debug|Any CPU
		{357E63F7-6C92-0CFD-56B9-0B6DDDE63D1D}.Release|Any CPU.ActiveCfg = Release|Any CPU
		{357E63F7-6C92-0CFD-56B9-0B6DDDE63D1D}.Release|Any CPU.Build.0 = Release|Any CPU
		{2360AA28-3153-FB8B-1853-9A3ECB4F47FB}.Debug|Any CPU.ActiveCfg = Debug|Any CPU
		{2360AA28-3153-FB8B-1853-9A3ECB4F47FB}.Debug|Any CPU.Build.0 = Debug|Any CPU
		{2360AA28-3153-FB8B-1853-9A3ECB4F47FB}.Release|Any CPU.ActiveCfg = Release|Any CPU
		{2360AA28-3153-FB8B-1853-9A3ECB4F47FB}.Release|Any CPU.Build.0 = Release|Any CPU
		{4D73B608-6D4E-2E4B-5E8F-E49D4DD6F348}.Debug|Any CPU.ActiveCfg = Debug|Any CPU
		{4D73B608-6D4E-2E4B-5E8F-E49D4DD6F348}.Debug|Any CPU.Build.0 = Debug|Any CPU
		{4D73B608-6D4E-2E4B-5E8F-E49D4DD6F348}.Release|Any CPU.ActiveCfg = Release|Any CPU
		{4D73B608-6D4E-2E4B-5E8F-E49D4DD6F348}.Release|Any CPU.Build.0 = Release|Any CPU
		{821C57F0-2288-2D50-04AC-F922D2A9BBE2}.Debug|Any CPU.ActiveCfg = Debug|Any CPU
		{821C57F0-2288-2D50-04AC-F922D2A9BBE2}.Debug|Any CPU.Build.0 = Debug|Any CPU
		{821C57F0-2288-2D50-04AC-F922D2A9BBE2}.Release|Any CPU.ActiveCfg = Release|Any CPU
		{821C57F0-2288-2D50-04AC-F922D2A9BBE2}.Release|Any CPU.Build.0 = Release|Any CPU
		{BB721FE8-F58B-91E4-5D85-FCFF3430EB3B}.Debug|Any CPU.ActiveCfg = Debug|Any CPU
		{BB721FE8-F58B-91E4-5D85-FCFF3430EB3B}.Debug|Any CPU.Build.0 = Debug|Any CPU
		{BB721FE8-F58B-91E4-5D85-FCFF3430EB3B}.Release|Any CPU.ActiveCfg = Release|Any CPU
		{BB721FE8-F58B-91E4-5D85-FCFF3430EB3B}.Release|Any CPU.Build.0 = Release|Any CPU
		{6BCC3D2A-82FD-290A-7389-551F511A2BB0}.Debug|Any CPU.ActiveCfg = Debug|Any CPU
		{6BCC3D2A-82FD-290A-7389-551F511A2BB0}.Debug|Any CPU.Build.0 = Debug|Any CPU
		{6BCC3D2A-82FD-290A-7389-551F511A2BB0}.Release|Any CPU.ActiveCfg = Release|Any CPU
		{6BCC3D2A-82FD-290A-7389-551F511A2BB0}.Release|Any CPU.Build.0 = Release|Any CPU
		{FC9754E6-CF8D-873F-C110-8233EE873CF6}.Debug|Any CPU.ActiveCfg = Debug|Any CPU
		{FC9754E6-CF8D-873F-C110-8233EE873CF6}.Debug|Any CPU.Build.0 = Debug|Any CPU
		{FC9754E6-CF8D-873F-C110-8233EE873CF6}.Release|Any CPU.ActiveCfg = Release|Any CPU
		{FC9754E6-CF8D-873F-C110-8233EE873CF6}.Release|Any CPU.Build.0 = Release|Any CPU
		{BDE4EB3F-D101-95B9-0E40-72187BF52A48}.Debug|Any CPU.ActiveCfg = Debug|Any CPU
		{BDE4EB3F-D101-95B9-0E40-72187BF52A48}.Debug|Any CPU.Build.0 = Debug|Any CPU
		{BDE4EB3F-D101-95B9-0E40-72187BF52A48}.Release|Any CPU.ActiveCfg = Release|Any CPU
		{BDE4EB3F-D101-95B9-0E40-72187BF52A48}.Release|Any CPU.Build.0 = Release|Any CPU
		{EA769D6C-57EF-5D4C-F073-2CBCDCEC1596}.Debug|Any CPU.ActiveCfg = Debug|Any CPU
		{EA769D6C-57EF-5D4C-F073-2CBCDCEC1596}.Debug|Any CPU.Build.0 = Debug|Any CPU
		{EA769D6C-57EF-5D4C-F073-2CBCDCEC1596}.Release|Any CPU.ActiveCfg = Release|Any CPU
		{EA769D6C-57EF-5D4C-F073-2CBCDCEC1596}.Release|Any CPU.Build.0 = Release|Any CPU
		{09C32DD9-A773-2D7F-5F48-82CCE9E32E68}.Debug|Any CPU.ActiveCfg = Debug|Any CPU
		{09C32DD9-A773-2D7F-5F48-82CCE9E32E68}.Debug|Any CPU.Build.0 = Debug|Any CPU
		{09C32DD9-A773-2D7F-5F48-82CCE9E32E68}.Release|Any CPU.ActiveCfg = Release|Any CPU
		{09C32DD9-A773-2D7F-5F48-82CCE9E32E68}.Release|Any CPU.Build.0 = Release|Any CPU
		{B60B040C-954A-5895-BC42-CFD079D184CE}.Debug|Any CPU.ActiveCfg = Debug|Any CPU
		{B60B040C-954A-5895-BC42-CFD079D184CE}.Debug|Any CPU.Build.0 = Debug|Any CPU
		{B60B040C-954A-5895-BC42-CFD079D184CE}.Release|Any CPU.ActiveCfg = Release|Any CPU
		{B60B040C-954A-5895-BC42-CFD079D184CE}.Release|Any CPU.Build.0 = Release|Any CPU
		{DE181FA9-64AD-B110-806C-CF3FBCC4359F}.Debug|Any CPU.ActiveCfg = Debug|Any CPU
		{DE181FA9-64AD-B110-806C-CF3FBCC4359F}.Debug|Any CPU.Build.0 = Debug|Any CPU
		{DE181FA9-64AD-B110-806C-CF3FBCC4359F}.Release|Any CPU.ActiveCfg = Release|Any CPU
		{DE181FA9-64AD-B110-806C-CF3FBCC4359F}.Release|Any CPU.Build.0 = Release|Any CPU
		{785BC66A-7FE5-F79D-89D5-6C79B744E9CE}.Debug|Any CPU.ActiveCfg = Debug|Any CPU
		{785BC66A-7FE5-F79D-89D5-6C79B744E9CE}.Debug|Any CPU.Build.0 = Debug|Any CPU
		{785BC66A-7FE5-F79D-89D5-6C79B744E9CE}.Release|Any CPU.ActiveCfg = Release|Any CPU
		{785BC66A-7FE5-F79D-89D5-6C79B744E9CE}.Release|Any CPU.Build.0 = Release|Any CPU
		{9CD0FFDB-B09D-16C6-81A1-4A6DC8682D72}.Debug|Any CPU.ActiveCfg = Debug|Any CPU
		{9CD0FFDB-B09D-16C6-81A1-4A6DC8682D72}.Debug|Any CPU.Build.0 = Debug|Any CPU
		{9CD0FFDB-B09D-16C6-81A1-4A6DC8682D72}.Release|Any CPU.ActiveCfg = Release|Any CPU
		{9CD0FFDB-B09D-16C6-81A1-4A6DC8682D72}.Release|Any CPU.Build.0 = Release|Any CPU
		{3A1398E6-F1C8-F8D3-74DD-13896FB65F8D}.Debug|Any CPU.ActiveCfg = Debug|Any CPU
		{3A1398E6-F1C8-F8D3-74DD-13896FB65F8D}.Debug|Any CPU.Build.0 = Debug|Any CPU
		{3A1398E6-F1C8-F8D3-74DD-13896FB65F8D}.Release|Any CPU.ActiveCfg = Release|Any CPU
		{3A1398E6-F1C8-F8D3-74DD-13896FB65F8D}.Release|Any CPU.Build.0 = Release|Any CPU
		{6AD64A51-D9B3-84B4-5751-4209191C20D1}.Debug|Any CPU.ActiveCfg = Debug|Any CPU
		{6AD64A51-D9B3-84B4-5751-4209191C20D1}.Debug|Any CPU.Build.0 = Debug|Any CPU
		{6AD64A51-D9B3-84B4-5751-4209191C20D1}.Release|Any CPU.ActiveCfg = Release|Any CPU
		{6AD64A51-D9B3-84B4-5751-4209191C20D1}.Release|Any CPU.Build.0 = Release|Any CPU
		{DF1CBE2E-B4CE-77A7-1922-94C23080D8BD}.Debug|Any CPU.ActiveCfg = Debug|Any CPU
		{DF1CBE2E-B4CE-77A7-1922-94C23080D8BD}.Debug|Any CPU.Build.0 = Debug|Any CPU
		{DF1CBE2E-B4CE-77A7-1922-94C23080D8BD}.Release|Any CPU.ActiveCfg = Release|Any CPU
		{DF1CBE2E-B4CE-77A7-1922-94C23080D8BD}.Release|Any CPU.Build.0 = Release|Any CPU
		{8DBCA3E2-224D-2615-B426-01DB61E783E4}.Debug|Any CPU.ActiveCfg = Debug|Any CPU
		{8DBCA3E2-224D-2615-B426-01DB61E783E4}.Debug|Any CPU.Build.0 = Debug|Any CPU
		{8DBCA3E2-224D-2615-B426-01DB61E783E4}.Release|Any CPU.ActiveCfg = Release|Any CPU
		{8DBCA3E2-224D-2615-B426-01DB61E783E4}.Release|Any CPU.Build.0 = Release|Any CPU
		{193F3F80-2673-8011-0886-A805A59F7D07}.Debug|Any CPU.ActiveCfg = Debug|Any CPU
		{193F3F80-2673-8011-0886-A805A59F7D07}.Debug|Any CPU.Build.0 = Debug|Any CPU
		{193F3F80-2673-8011-0886-A805A59F7D07}.Release|Any CPU.ActiveCfg = Release|Any CPU
		{193F3F80-2673-8011-0886-A805A59F7D07}.Release|Any CPU.Build.0 = Release|Any CPU
		{8AD56707-5ADB-67E1-FC88-B156DD523450}.Debug|Any CPU.ActiveCfg = Debug|Any CPU
		{8AD56707-5ADB-67E1-FC88-B156DD523450}.Debug|Any CPU.Build.0 = Debug|Any CPU
		{8AD56707-5ADB-67E1-FC88-B156DD523450}.Release|Any CPU.ActiveCfg = Release|Any CPU
		{8AD56707-5ADB-67E1-FC88-B156DD523450}.Release|Any CPU.Build.0 = Release|Any CPU
		{77EEA56C-078A-CB77-B3F1-CB7462CE65B3}.Debug|Any CPU.ActiveCfg = Debug|Any CPU
		{77EEA56C-078A-CB77-B3F1-CB7462CE65B3}.Debug|Any CPU.Build.0 = Debug|Any CPU
		{77EEA56C-078A-CB77-B3F1-CB7462CE65B3}.Release|Any CPU.ActiveCfg = Release|Any CPU
		{77EEA56C-078A-CB77-B3F1-CB7462CE65B3}.Release|Any CPU.Build.0 = Release|Any CPU
		{754AF4F7-4BEF-F759-82AE-560853521EF5}.Debug|Any CPU.ActiveCfg = Debug|Any CPU
		{754AF4F7-4BEF-F759-82AE-560853521EF5}.Debug|Any CPU.Build.0 = Debug|Any CPU
		{754AF4F7-4BEF-F759-82AE-560853521EF5}.Release|Any CPU.ActiveCfg = Release|Any CPU
		{754AF4F7-4BEF-F759-82AE-560853521EF5}.Release|Any CPU.Build.0 = Release|Any CPU
		{07B0C6A3-24A9-2B84-1C7E-53F560948C8D}.Debug|Any CPU.ActiveCfg = Debug|Any CPU
		{07B0C6A3-24A9-2B84-1C7E-53F560948C8D}.Debug|Any CPU.Build.0 = Debug|Any CPU
		{07B0C6A3-24A9-2B84-1C7E-53F560948C8D}.Release|Any CPU.ActiveCfg = Release|Any CPU
		{07B0C6A3-24A9-2B84-1C7E-53F560948C8D}.Release|Any CPU.Build.0 = Release|Any CPU
		{08F4894C-B343-2923-0B04-8894E0836386}.Debug|Any CPU.ActiveCfg = Debug|Any CPU
		{08F4894C-B343-2923-0B04-8894E0836386}.Debug|Any CPU.Build.0 = Debug|Any CPU
		{08F4894C-B343-2923-0B04-8894E0836386}.Release|Any CPU.ActiveCfg = Release|Any CPU
		{08F4894C-B343-2923-0B04-8894E0836386}.Release|Any CPU.Build.0 = Release|Any CPU
		{80824619-3665-2E2A-8B41-9B67233897A5}.Debug|Any CPU.ActiveCfg = Debug|Any CPU
		{80824619-3665-2E2A-8B41-9B67233897A5}.Debug|Any CPU.Build.0 = Debug|Any CPU
		{80824619-3665-2E2A-8B41-9B67233897A5}.Release|Any CPU.ActiveCfg = Release|Any CPU
		{80824619-3665-2E2A-8B41-9B67233897A5}.Release|Any CPU.Build.0 = Release|Any CPU
		{BAC003C3-5337-9E84-741C-2D397D897714}.Debug|Any CPU.ActiveCfg = Debug|Any CPU
		{BAC003C3-5337-9E84-741C-2D397D897714}.Debug|Any CPU.Build.0 = Debug|Any CPU
		{BAC003C3-5337-9E84-741C-2D397D897714}.Release|Any CPU.ActiveCfg = Release|Any CPU
		{BAC003C3-5337-9E84-741C-2D397D897714}.Release|Any CPU.Build.0 = Release|Any CPU
		{128C5055-BA66-F7E6-80F9-5226F6AC725E}.Debug|Any CPU.ActiveCfg = Debug|Any CPU
		{128C5055-BA66-F7E6-80F9-5226F6AC725E}.Debug|Any CPU.Build.0 = Debug|Any CPU
		{128C5055-BA66-F7E6-80F9-5226F6AC725E}.Release|Any CPU.ActiveCfg = Release|Any CPU
		{128C5055-BA66-F7E6-80F9-5226F6AC725E}.Release|Any CPU.Build.0 = Release|Any CPU
		{4516C35B-DC9E-1925-BE0E-5872A2F18713}.Debug|Any CPU.ActiveCfg = Debug|Any CPU
		{4516C35B-DC9E-1925-BE0E-5872A2F18713}.Debug|Any CPU.Build.0 = Debug|Any CPU
		{4516C35B-DC9E-1925-BE0E-5872A2F18713}.Release|Any CPU.ActiveCfg = Release|Any CPU
		{4516C35B-DC9E-1925-BE0E-5872A2F18713}.Release|Any CPU.Build.0 = Release|Any CPU
		{A4ABD5B3-2312-248C-95E7-BFDDE3CC61A5}.Debug|Any CPU.ActiveCfg = Debug|Any CPU
		{A4ABD5B3-2312-248C-95E7-BFDDE3CC61A5}.Debug|Any CPU.Build.0 = Debug|Any CPU
		{A4ABD5B3-2312-248C-95E7-BFDDE3CC61A5}.Release|Any CPU.ActiveCfg = Release|Any CPU
		{A4ABD5B3-2312-248C-95E7-BFDDE3CC61A5}.Release|Any CPU.Build.0 = Release|Any CPU
		{4C4B58B0-21A7-C836-A12F-9959E65C3F0D}.Debug|Any CPU.ActiveCfg = Debug|Any CPU
		{4C4B58B0-21A7-C836-A12F-9959E65C3F0D}.Debug|Any CPU.Build.0 = Debug|Any CPU
		{4C4B58B0-21A7-C836-A12F-9959E65C3F0D}.Release|Any CPU.ActiveCfg = Release|Any CPU
		{4C4B58B0-21A7-C836-A12F-9959E65C3F0D}.Release|Any CPU.Build.0 = Release|Any CPU
		{A0246C6F-9501-E394-FE05-BD0934A26DF1}.Debug|Any CPU.ActiveCfg = Debug|Any CPU
		{A0246C6F-9501-E394-FE05-BD0934A26DF1}.Debug|Any CPU.Build.0 = Debug|Any CPU
		{A0246C6F-9501-E394-FE05-BD0934A26DF1}.Release|Any CPU.ActiveCfg = Release|Any CPU
		{A0246C6F-9501-E394-FE05-BD0934A26DF1}.Release|Any CPU.Build.0 = Release|Any CPU
		{E790B865-0142-59A6-1E09-6597A18E2FFD}.Debug|Any CPU.ActiveCfg = Debug|Any CPU
		{E790B865-0142-59A6-1E09-6597A18E2FFD}.Debug|Any CPU.Build.0 = Debug|Any CPU
		{E790B865-0142-59A6-1E09-6597A18E2FFD}.Release|Any CPU.ActiveCfg = Release|Any CPU
		{E790B865-0142-59A6-1E09-6597A18E2FFD}.Release|Any CPU.Build.0 = Release|Any CPU
		{D38703AE-A9DD-7D2E-6C0B-893A569FD8D6}.Debug|Any CPU.ActiveCfg = Debug|Any CPU
		{D38703AE-A9DD-7D2E-6C0B-893A569FD8D6}.Debug|Any CPU.Build.0 = Debug|Any CPU
		{D38703AE-A9DD-7D2E-6C0B-893A569FD8D6}.Release|Any CPU.ActiveCfg = Release|Any CPU
		{D38703AE-A9DD-7D2E-6C0B-893A569FD8D6}.Release|Any CPU.Build.0 = Release|Any CPU
		{3A15F78E-85D4-EA57-4548-644A00F2F2EB}.Debug|Any CPU.ActiveCfg = Debug|Any CPU
		{3A15F78E-85D4-EA57-4548-644A00F2F2EB}.Debug|Any CPU.Build.0 = Debug|Any CPU
		{3A15F78E-85D4-EA57-4548-644A00F2F2EB}.Release|Any CPU.ActiveCfg = Release|Any CPU
		{3A15F78E-85D4-EA57-4548-644A00F2F2EB}.Release|Any CPU.Build.0 = Release|Any CPU
		{A1464F9E-937D-A864-E44A-9181A30D4181}.Debug|Any CPU.ActiveCfg = Debug|Any CPU
		{A1464F9E-937D-A864-E44A-9181A30D4181}.Debug|Any CPU.Build.0 = Debug|Any CPU
		{A1464F9E-937D-A864-E44A-9181A30D4181}.Release|Any CPU.ActiveCfg = Release|Any CPU
		{A1464F9E-937D-A864-E44A-9181A30D4181}.Release|Any CPU.Build.0 = Release|Any CPU
		{9A17F031-2F87-421E-4E1B-36DAB9E358EB}.Debug|Any CPU.ActiveCfg = Debug|Any CPU
		{9A17F031-2F87-421E-4E1B-36DAB9E358EB}.Debug|Any CPU.Build.0 = Debug|Any CPU
		{9A17F031-2F87-421E-4E1B-36DAB9E358EB}.Release|Any CPU.ActiveCfg = Release|Any CPU
		{9A17F031-2F87-421E-4E1B-36DAB9E358EB}.Release|Any CPU.Build.0 = Release|Any CPU
		{7CB0D723-3EBD-BA87-2936-48205703C6C5}.Debug|Any CPU.ActiveCfg = Debug|Any CPU
		{7CB0D723-3EBD-BA87-2936-48205703C6C5}.Debug|Any CPU.Build.0 = Debug|Any CPU
		{7CB0D723-3EBD-BA87-2936-48205703C6C5}.Release|Any CPU.ActiveCfg = Release|Any CPU
		{7CB0D723-3EBD-BA87-2936-48205703C6C5}.Release|Any CPU.Build.0 = Release|Any CPU
		{8C838042-B47B-65C4-1F89-0DD27209C278}.Debug|Any CPU.ActiveCfg = Debug|Any CPU
		{8C838042-B47B-65C4-1F89-0DD27209C278}.Debug|Any CPU.Build.0 = Debug|Any CPU
		{8C838042-B47B-65C4-1F89-0DD27209C278}.Release|Any CPU.ActiveCfg = Release|Any CPU
		{8C838042-B47B-65C4-1F89-0DD27209C278}.Release|Any CPU.Build.0 = Release|Any CPU
		{36BD88B2-C6F9-3585-7263-95763DD75900}.Debug|Any CPU.ActiveCfg = Debug|Any CPU
		{36BD88B2-C6F9-3585-7263-95763DD75900}.Debug|Any CPU.Build.0 = Debug|Any CPU
		{36BD88B2-C6F9-3585-7263-95763DD75900}.Release|Any CPU.ActiveCfg = Release|Any CPU
		{36BD88B2-C6F9-3585-7263-95763DD75900}.Release|Any CPU.Build.0 = Release|Any CPU
		{6132657D-FFE5-79F6-561B-6781863786A2}.Debug|Any CPU.ActiveCfg = Debug|Any CPU
		{6132657D-FFE5-79F6-561B-6781863786A2}.Debug|Any CPU.Build.0 = Debug|Any CPU
		{6132657D-FFE5-79F6-561B-6781863786A2}.Release|Any CPU.ActiveCfg = Release|Any CPU
		{6132657D-FFE5-79F6-561B-6781863786A2}.Release|Any CPU.Build.0 = Release|Any CPU
		{98AEB2F6-60F3-0209-1FDA-FCADFF8B955B}.Debug|Any CPU.ActiveCfg = Debug|Any CPU
		{98AEB2F6-60F3-0209-1FDA-FCADFF8B955B}.Debug|Any CPU.Build.0 = Debug|Any CPU
		{98AEB2F6-60F3-0209-1FDA-FCADFF8B955B}.Release|Any CPU.ActiveCfg = Release|Any CPU
		{98AEB2F6-60F3-0209-1FDA-FCADFF8B955B}.Release|Any CPU.Build.0 = Release|Any CPU
		{58564D45-65CB-7A65-80D3-685F47D4C5BD}.Debug|Any CPU.ActiveCfg = Debug|Any CPU
		{58564D45-65CB-7A65-80D3-685F47D4C5BD}.Debug|Any CPU.Build.0 = Debug|Any CPU
		{58564D45-65CB-7A65-80D3-685F47D4C5BD}.Release|Any CPU.ActiveCfg = Release|Any CPU
		{58564D45-65CB-7A65-80D3-685F47D4C5BD}.Release|Any CPU.Build.0 = Release|Any CPU
		{23820C90-0E90-B445-6B77-13035FD27C62}.Debug|Any CPU.ActiveCfg = Debug|Any CPU
		{23820C90-0E90-B445-6B77-13035FD27C62}.Debug|Any CPU.Build.0 = Debug|Any CPU
		{23820C90-0E90-B445-6B77-13035FD27C62}.Release|Any CPU.ActiveCfg = Release|Any CPU
		{23820C90-0E90-B445-6B77-13035FD27C62}.Release|Any CPU.Build.0 = Release|Any CPU
		{7DDF902B-5495-3CA7-FE1E-632DAD6ADC16}.Debug|Any CPU.ActiveCfg = Debug|Any CPU
		{7DDF902B-5495-3CA7-FE1E-632DAD6ADC16}.Debug|Any CPU.Build.0 = Debug|Any CPU
		{7DDF902B-5495-3CA7-FE1E-632DAD6ADC16}.Release|Any CPU.ActiveCfg = Release|Any CPU
		{7DDF902B-5495-3CA7-FE1E-632DAD6ADC16}.Release|Any CPU.Build.0 = Release|Any CPU
		{88336B48-ED80-B58D-6285-332C62E97D47}.Debug|Any CPU.ActiveCfg = Debug|Any CPU
		{88336B48-ED80-B58D-6285-332C62E97D47}.Debug|Any CPU.Build.0 = Debug|Any CPU
		{88336B48-ED80-B58D-6285-332C62E97D47}.Release|Any CPU.ActiveCfg = Release|Any CPU
		{88336B48-ED80-B58D-6285-332C62E97D47}.Release|Any CPU.Build.0 = Release|Any CPU
		{D02F6F5A-ED4A-CFA6-C144-166AA61C0132}.Debug|Any CPU.ActiveCfg = Debug|Any CPU
		{D02F6F5A-ED4A-CFA6-C144-166AA61C0132}.Debug|Any CPU.Build.0 = Debug|Any CPU
		{D02F6F5A-ED4A-CFA6-C144-166AA61C0132}.Release|Any CPU.ActiveCfg = Release|Any CPU
		{D02F6F5A-ED4A-CFA6-C144-166AA61C0132}.Release|Any CPU.Build.0 = Release|Any CPU
		{4DD21E7D-9340-1650-DD33-ACD30BAFC449}.Debug|Any CPU.ActiveCfg = Debug|Any CPU
		{4DD21E7D-9340-1650-DD33-ACD30BAFC449}.Debug|Any CPU.Build.0 = Debug|Any CPU
		{4DD21E7D-9340-1650-DD33-ACD30BAFC449}.Release|Any CPU.ActiveCfg = Release|Any CPU
		{4DD21E7D-9340-1650-DD33-ACD30BAFC449}.Release|Any CPU.Build.0 = Release|Any CPU
	EndGlobalSection
	GlobalSection(SolutionProperties) = preSolution
		HideSolutionNode = FALSE
	EndGlobalSection
EndGlobal
